
Microsoft Visual Studio Solution File, Format Version 12.00
# Visual Studio 2013
VisualStudioVersion = 12.0.21005.1
MinimumVisualStudioVersion = 10.0.40219.1
Project("{E24C65DC-7377-472B-9ABA-BC803B73C61A}") = "Test", "http://localhost:8754", "{C482A351-EB72-425E-9566-D0677219F8F6}"
	ProjectSection(WebsiteProperties) = preProject
		UseIISExpress = "true"
		TargetFrameworkMoniker = ".NETFramework,Version%3Dv4.0"
		ProjectReferences = "{c1515ca3-4228-466b-983e-cea09a6e04cd}|ChEncAutoDetector.dll;"
		Debug.AspNetCompiler.VirtualPath = "/localhost_8754"
		Debug.AspNetCompiler.PhysicalPath = "Test\"
		Debug.AspNetCompiler.TargetPath = "PrecompiledWeb\localhost_8754\"
		Debug.AspNetCompiler.Updateable = "true"
		Debug.AspNetCompiler.ForceOverwrite = "true"
		Debug.AspNetCompiler.FixedNames = "false"
		Debug.AspNetCompiler.Debug = "True"
		Release.AspNetCompiler.VirtualPath = "/localhost_8754"
		Release.AspNetCompiler.PhysicalPath = "Test\"
		Release.AspNetCompiler.TargetPath = "PrecompiledWeb\localhost_8754\"
		Release.AspNetCompiler.Updateable = "true"
		Release.AspNetCompiler.ForceOverwrite = "true"
		Release.AspNetCompiler.FixedNames = "false"
		Release.AspNetCompiler.Debug = "False"
		SlnRelativePath = "Test\"
		DefaultWebSiteLanguage = "Visual C#"
	EndProjectSection
EndProject
Project("{FAE04EC0-301F-11D3-BF4B-00C04F79EFBC}") = "ChEncAutoDetector", "ChEncAutoDetector\ChEncAutoDetector.csproj", "{C1515CA3-4228-466B-983E-CEA09A6E04CD}"
EndProject
Global
	GlobalSection(SolutionConfigurationPlatforms) = preSolution
		Debug|Any CPU = Debug|Any CPU
		Release|Any CPU = Release|Any CPU
	EndGlobalSection
	GlobalSection(ProjectConfigurationPlatforms) = postSolution
		{C482A351-EB72-425E-9566-D0677219F8F6}.Debug|Any CPU.ActiveCfg = Debug|Any CPU
		{C482A351-EB72-425E-9566-D0677219F8F6}.Debug|Any CPU.Build.0 = Debug|Any CPU
		{C482A351-EB72-425E-9566-D0677219F8F6}.Release|Any CPU.ActiveCfg = Debug|Any CPU
		{C482A351-EB72-425E-9566-D0677219F8F6}.Release|Any CPU.Build.0 = Debug|Any CPU
		{C1515CA3-4228-466B-983E-CEA09A6E04CD}.Debug|Any CPU.ActiveCfg = Debug|Any CPU
		{C1515CA3-4228-466B-983E-CEA09A6E04CD}.Debug|Any CPU.Build.0 = Debug|Any CPU
		{C1515CA3-4228-466B-983E-CEA09A6E04CD}.Release|Any CPU.ActiveCfg = Release|Any CPU
		{C1515CA3-4228-466B-983E-CEA09A6E04CD}.Release|Any CPU.Build.0 = Release|Any CPU
	EndGlobalSection
	GlobalSection(SolutionProperties) = preSolution
		HideSolutionNode = FALSE
	EndGlobalSection
EndGlobal
